
Microsoft Visual Studio Solution File, Format Version 12.00
# Visual Studio Version 17
VisualStudioVersion = 17.12.35728.132
MinimumVisualStudioVersion = 10.0.40219.1
Project("{FAE04EC0-301F-11D3-BF4B-00C04F79EFBC}") = "Domain", "Domain\Domain.csproj", "{1253931C-2F37-42B8-919B-84094E35C527}"
EndProject
Project("{FAE04EC0-301F-11D3-BF4B-00C04F79EFBC}") = "Infrastucture", "Infrastucture\Infrastucture.csproj", "{D220E10F-A5D2-441E-A9D4-6CD3DD5B8454}"
EndProject
Project("{FAE04EC0-301F-11D3-BF4B-00C04F79EFBC}") = "Application", "Application\Application.csproj", "{C730E6D2-F140-4938-A186-A41B6528247B}"
EndProject
Project("{FAE04EC0-301F-11D3-BF4B-00C04F79EFBC}") = "Web", "Web\Web.csproj", "{32D5F264-F96A-41AE-84EE-984F0262103F}"
EndProject
Project("{E53339B2-1760-4266-BCC7-CA923CBCF16C}") = "docker-compose", "docker-compose.dcproj", "{FB39C286-CBE2-4C16-B27C-9B06EF09D70D}"
EndProject
Project("{FAE04EC0-301F-11D3-BF4B-00C04F79EFBC}") = "Tests", "Tests\Tests.csproj", "{3269F550-E932-4290-96E7-ABA21EB8392C}"
EndProject
Global
	GlobalSection(SolutionConfigurationPlatforms) = preSolution
		Debug|Any CPU = Debug|Any CPU
		Release|Any CPU = Release|Any CPU
	EndGlobalSection
	GlobalSection(ProjectConfigurationPlatforms) = postSolution
		{1253931C-2F37-42B8-919B-84094E35C527}.Debug|Any CPU.ActiveCfg = Debug|Any CPU
		{1253931C-2F37-42B8-919B-84094E35C527}.Debug|Any CPU.Build.0 = Debug|Any CPU
		{1253931C-2F37-42B8-919B-84094E35C527}.Release|Any CPU.ActiveCfg = Release|Any CPU
		{1253931C-2F37-42B8-919B-84094E35C527}.Release|Any CPU.Build.0 = Release|Any CPU
		{D220E10F-A5D2-441E-A9D4-6CD3DD5B8454}.Debug|Any CPU.ActiveCfg = Debug|Any CPU
		{D220E10F-A5D2-441E-A9D4-6CD3DD5B8454}.Debug|Any CPU.Build.0 = Debug|Any CPU
		{D220E10F-A5D2-441E-A9D4-6CD3DD5B8454}.Release|Any CPU.ActiveCfg = Release|Any CPU
		{D220E10F-A5D2-441E-A9D4-6CD3DD5B8454}.Release|Any CPU.Build.0 = Release|Any CPU
		{C730E6D2-F140-4938-A186-A41B6528247B}.Debug|Any CPU.ActiveCfg = Debug|Any CPU
		{C730E6D2-F140-4938-A186-A41B6528247B}.Debug|Any CPU.Build.0 = Debug|Any CPU
		{C730E6D2-F140-4938-A186-A41B6528247B}.Release|Any CPU.ActiveCfg = Release|Any CPU
		{C730E6D2-F140-4938-A186-A41B6528247B}.Release|Any CPU.Build.0 = Release|Any CPU
		{32D5F264-F96A-41AE-84EE-984F0262103F}.Debug|Any CPU.ActiveCfg = Debug|Any CPU
		{32D5F264-F96A-41AE-84EE-984F0262103F}.Debug|Any CPU.Build.0 = Debug|Any CPU
		{32D5F264-F96A-41AE-84EE-984F0262103F}.Release|Any CPU.ActiveCfg = Release|Any CPU
		{32D5F264-F96A-41AE-84EE-984F0262103F}.Release|Any CPU.Build.0 = Release|Any CPU
		{FB39C286-CBE2-4C16-B27C-9B06EF09D70D}.Debug|Any CPU.ActiveCfg = Debug|Any CPU
		{FB39C286-CBE2-4C16-B27C-9B06EF09D70D}.Debug|Any CPU.Build.0 = Debug|Any CPU
		{FB39C286-CBE2-4C16-B27C-9B06EF09D70D}.Release|Any CPU.ActiveCfg = Release|Any CPU
		{FB39C286-CBE2-4C16-B27C-9B06EF09D70D}.Release|Any CPU.Build.0 = Release|Any CPU
		{3269F550-E932-4290-96E7-ABA21EB8392C}.Debug|Any CPU.ActiveCfg = Debug|Any CPU
		{3269F550-E932-4290-96E7-ABA21EB8392C}.Debug|Any CPU.Build.0 = Debug|Any CPU
		{3269F550-E932-4290-96E7-ABA21EB8392C}.Release|Any CPU.ActiveCfg = Release|Any CPU
		{3269F550-E932-4290-96E7-ABA21EB8392C}.Release|Any CPU.Build.0 = Release|Any CPU
	EndGlobalSection
	GlobalSection(SolutionProperties) = preSolution
		HideSolutionNode = FALSE
	EndGlobalSection
EndGlobal
